
Microsoft Visual Studio Solution File, Format Version 11.00
# Visual Studio 2010
Project("{FAE04EC0-301F-11D3-BF4B-00C04F79EFBC}") = "Assembly-CSharp", "Assembly-CSharp.csproj", "{7683c611-3f22-8241-c7f8-504d27902c9b}"
EndProject
Project("{FAE04EC0-301F-11D3-BF4B-00C04F79EFBC}") = "Assembly-CSharp-firstpass", "Assembly-CSharp-firstpass.csproj", "{070f0301-e1e7-f409-a003-95804d01a38b}"
EndProject
Global
	GlobalSection(SolutionConfigurationPlatforms) = preSolution
		Debug|Any CPU = Debug|Any CPU
	EndGlobalSection
	GlobalSection(ProjectConfigurationPlatforms) = postSolution
		{7683c611-3f22-8241-c7f8-504d27902c9b}.Debug|Any CPU.ActiveCfg = Debug|Any CPU
		{7683c611-3f22-8241-c7f8-504d27902c9b}.Debug|Any CPU.Build.0 = Debug|Any CPU
		{070f0301-e1e7-f409-a003-95804d01a38b}.Debug|Any CPU.ActiveCfg = Debug|Any CPU
		{070f0301-e1e7-f409-a003-95804d01a38b}.Debug|Any CPU.Build.0 = Debug|Any CPU
	EndGlobalSection
	GlobalSection(SolutionProperties) = preSolution
		HideSolutionNode = FALSE
	EndGlobalSection
EndGlobal
